Microsoft Visual Studio Solution File, Format Version 12.00
# Visual Studio Version 17
VisualStudioVersion = 17.5.2.0
MinimumVisualStudioVersion = 10.0.40219.1
Project("{FAE04EC0-301F-11D3-BF4B-00C04F79EFBC}") = "AnomalyDetectionApp", "AnomalyDetectionApp.csproj", "{A38E144E-3CDD-E6CE-FD74-0C38AAF9DB49}"
EndProject
Global
	GlobalSection(SolutionConfigurationPlatforms) = preSolution
		Debug|Any CPU = Debug|Any CPU
		Release|Any CPU = Release|Any CPU
	EndGlobalSection
	GlobalSection(ProjectConfigurationPlatforms) = postSolution
		{A38E144E-3CDD-E6CE-FD74-0C38AAF9DB49}.Debug|Any CPU.ActiveCfg = Debug|Any CPU
		{A38E144E-3CDD-E6CE-FD74-0C38AAF9DB49}.Debug|Any CPU.Build.0 = Debug|Any CPU
		{A38E144E-3CDD-E6CE-FD74-0C38AAF9DB49}.Release|Any CPU.ActiveCfg = Release|Any CPU
		{A38E144E-3CDD-E6CE-FD74-0C38AAF9DB49}.Release|Any CPU.Build.0 = Release|Any CPU
	EndGlobalSection
	GlobalSection(SolutionProperties) = preSolution
		HideSolutionNode = FALSE
	EndGlobalSection
	GlobalSection(ExtensibilityGlobals) = postSolution
		SolutionGuid = {846EE386-72C4-4CCB-9A4F-82670F51CC0F}
	EndGlobalSection
EndGlobal
